
Microsoft Visual Studio Solution File, Format Version 12.00
# Visual Studio 2012
Project("{FAE04EC0-301F-11D3-BF4B-00C04F79EFBC}") = "JamRunaway.Web", "JamRunaway.Web\JamRunaway.Web.csproj", "{AC0604A0-47CB-4530-B678-A644DF4DE6B2}"
EndProject
Project("{FAE04EC0-301F-11D3-BF4B-00C04F79EFBC}") = "JamRunaway.Tests", "JamRunaway.Tests\JamRunaway.Tests.csproj", "{6C50B63C-44FC-46ED-9F7A-14EFEAA10E29}"
EndProject
Global
	GlobalSection(SolutionConfigurationPlatforms) = preSolution
		Debug|Any CPU = Debug|Any CPU
		Release|Any CPU = Release|Any CPU
	EndGlobalSection
	GlobalSection(ProjectConfigurationPlatforms) = postSolution
		{AC0604A0-47CB-4530-B678-A644DF4DE6B2}.Debug|Any CPU.ActiveCfg = Debug|Any CPU
		{AC0604A0-47CB-4530-B678-A644DF4DE6B2}.Debug|Any CPU.Build.0 = Debug|Any CPU
		{AC0604A0-47CB-4530-B678-A644DF4DE6B2}.Release|Any CPU.ActiveCfg = Release|Any CPU
		{AC0604A0-47CB-4530-B678-A644DF4DE6B2}.Release|Any CPU.Build.0 = Release|Any CPU
		{6C50B63C-44FC-46ED-9F7A-14EFEAA10E29}.Debug|Any CPU.ActiveCfg = Debug|Any CPU
		{6C50B63C-44FC-46ED-9F7A-14EFEAA10E29}.Debug|Any CPU.Build.0 = Debug|Any CPU
		{6C50B63C-44FC-46ED-9F7A-14EFEAA10E29}.Release|Any CPU.ActiveCfg = Release|Any CPU
		{6C50B63C-44FC-46ED-9F7A-14EFEAA10E29}.Release|Any CPU.Build.0 = Release|Any CPU
	EndGlobalSection
	GlobalSection(SolutionProperties) = preSolution
		HideSolutionNode = FALSE
	EndGlobalSection
EndGlobal
